
Microsoft Visual Studio Solution File, Format Version 12.00
# Visual Studio Version 17
VisualStudioVersion = 17.11.35327.3
MinimumVisualStudioVersion = 10.0.40219.1
Project("{FAE04EC0-301F-11D3-BF4B-00C04F79EFBC}") = "CreateDLLTo1Pz", "CreateDLLTo1Pz\CreateDLLTo1Pz.csproj", "{17F5FFFC-5F6C-4F0E-8FE4-6CEBECABF1A8}"
EndProject
Global
	GlobalSection(SolutionConfigurationPlatforms) = preSolution
		Debug|Any CPU = Debug|Any CPU
		Release|Any CPU = Release|Any CPU
	EndGlobalSection
	GlobalSection(ProjectConfigurationPlatforms) = postSolution
		{17F5FFFC-5F6C-4F0E-8FE4-6CEBECABF1A8}.Debug|Any CPU.ActiveCfg = Debug|Any CPU
		{17F5FFFC-5F6C-4F0E-8FE4-6CEBECABF1A8}.Debug|Any CPU.Build.0 = Debug|Any CPU
		{17F5FFFC-5F6C-4F0E-8FE4-6CEBECABF1A8}.Release|Any CPU.ActiveCfg = Release|Any CPU
		{17F5FFFC-5F6C-4F0E-8FE4-6CEBECABF1A8}.Release|Any CPU.Build.0 = Release|Any CPU
	EndGlobalSection
	GlobalSection(SolutionProperties) = preSolution
		HideSolutionNode = FALSE
	EndGlobalSection
	GlobalSection(ExtensibilityGlobals) = postSolution
		SolutionGuid = {BB1B6A68-17D1-4D75-BD1C-29915763B728}
	EndGlobalSection
EndGlobal
